
Microsoft Visual Studio Solution File, Format Version 12.00
# Visual Studio Version 17
VisualStudioVersion = 17.1.32113.165
MinimumVisualStudioVersion = 10.0.40219.1
Project("{2150E333-8FDC-42A3-9474-1A3956D46DE8}") = "UI", "UI", "{3691809E-369B-4ADA-B753-A9F8B50B0DAD}"
EndProject
Project("{2150E333-8FDC-42A3-9474-1A3956D46DE8}") = "Data", "Data", "{B87AFBFD-26A2-4EC5-AE11-FBE679570852}"
EndProject
Project("{2150E333-8FDC-42A3-9474-1A3956D46DE8}") = "Common", "Common", "{733172B8-838C-4427-AD4B-078894C880EC}"
EndProject
Project("{2150E333-8FDC-42A3-9474-1A3956D46DE8}") = "Services", "Services", "{8577ED5D-8893-4963-AD60-B8F7E6488DEA}"
EndProject
Project("{2150E333-8FDC-42A3-9474-1A3956D46DE8}") = ".Tools", ".Tools", "{555610A0-6888-48B4-830B-429ADC0BBAFE}"
	ProjectSection(SolutionItems) = preProject
		..\.gitignore = ..\.gitignore
	EndProjectSection
EndProject
Project("{9A19103F-16F7-4668-BE54-9A1E7A4F7556}") = "DataLayer", "Common\DataLayer\DataLayer.csproj", "{91DF8B53-FEE3-4149-AAC9-A4366D342397}"
EndProject
Project("{9A19103F-16F7-4668-BE54-9A1E7A4F7556}") = "ContextDB.DAL", "Data\ContextDB.DAL\ContextDB.DAL.csproj", "{2ABFE250-FA50-4087-83D2-5CCBF7F33944}"
EndProject
Project("{9A19103F-16F7-4668-BE54-9A1E7A4F7556}") = "WebStore.DAL", "Data\WebStore.DAL\WebStore.DAL.csproj", "{43268F4D-DFE5-4237-A2D6-CD37A530B207}"
EndProject
Project("{9A19103F-16F7-4668-BE54-9A1E7A4F7556}") = "WebStore.DAL.Sqlite", "Data\WebStore.DAL.Sqlite\WebStore.DAL.Sqlite.csproj", "{0428B579-69A0-437D-98B9-C5F857A2B84D}"
EndProject
Project("{9A19103F-16F7-4668-BE54-9A1E7A4F7556}") = "WebApplication1", "UI\WebApplication1\WebApplication1.csproj", "{240C7D3B-21D2-4434-A46C-39D5DBDEE78F}"
EndProject
Project("{9A19103F-16F7-4668-BE54-9A1E7A4F7556}") = "WebStore.Interfaces", "Services\WebStore.Interfaces\WebStore.Interfaces.csproj", "{EE250E37-FA71-4DA0-AE1F-81FDEF589869}"
EndProject
Project("{9A19103F-16F7-4668-BE54-9A1E7A4F7556}") = "WebStore.Services", "Services\WebStore.Services\WebStore.Services.csproj", "{F942B9EC-7A32-43CA-AFA0-2AEDB1894CC4}"
EndProject
Project("{9A19103F-16F7-4668-BE54-9A1E7A4F7556}") = "Webstore.WebAPI", "Services\Webstore.WebAPI\Webstore.WebAPI.csproj", "{65ADFE91-33EB-4EDD-8471-2F2C11628B1E}"
EndProject
Project("{9A19103F-16F7-4668-BE54-9A1E7A4F7556}") = "WebStore.WebAPI.Clients", "Services\WebStore.WebAPI.Clients\WebStore.WebAPI.Clients.csproj", "{7BE86761-4EEE-49DF-87AB-F3EDBBF7B1F6}"
EndProject
Project("{9A19103F-16F7-4668-BE54-9A1E7A4F7556}") = "ViewModel", "Common\ViewModel\ViewModel.csproj", "{4019EB1D-2554-467F-A5A5-F27B0B2BCA14}"
EndProject
Project("{9A19103F-16F7-4668-BE54-9A1E7A4F7556}") = "WebStore.Logging", "Common\WebStore.Logging\WebStore.Logging.csproj", "{A6715E99-2208-4A9C-AAA6-AB1C504E58E5}"
EndProject
Project("{2150E333-8FDC-42A3-9474-1A3956D46DE8}") = "Tests", "Tests", "{EAB89D81-C988-4618-BFFC-C74ED9BC879D}"
EndProject
Project("{FAE04EC0-301F-11D3-BF4B-00C04F79EFBC}") = "WebApplication.Tests", "Tests\WebApplication.Tests\WebApplication.Tests.csproj", "{C022F3FA-AB66-48B3-BB72-C83311F382BB}"
EndProject
Project("{FAE04EC0-301F-11D3-BF4B-00C04F79EFBC}") = "WebStore.Services.Tests", "Tests\WebStore.Services.Tests\WebStore.Services.Tests.csproj", "{6B759810-CA55-44CD-92BA-3BF8E417D652}"
EndProject
Global
	GlobalSection(SolutionConfigurationPlatforms) = preSolution
		Debug|Any CPU = Debug|Any CPU
		Release|Any CPU = Release|Any CPU
	EndGlobalSection
	GlobalSection(ProjectConfigurationPlatforms) = postSolution
		{91DF8B53-FEE3-4149-AAC9-A4366D342397}.Debug|Any CPU.ActiveCfg = Debug|Any CPU
		{91DF8B53-FEE3-4149-AAC9-A4366D342397}.Debug|Any CPU.Build.0 = Debug|Any CPU
		{91DF8B53-FEE3-4149-AAC9-A4366D342397}.Release|Any CPU.ActiveCfg = Release|Any CPU
		{91DF8B53-FEE3-4149-AAC9-A4366D342397}.Release|Any CPU.Build.0 = Release|Any CPU
		{2ABFE250-FA50-4087-83D2-5CCBF7F33944}.Debug|Any CPU.ActiveCfg = Debug|Any CPU
		{2ABFE250-FA50-4087-83D2-5CCBF7F33944}.Debug|Any CPU.Build.0 = Debug|Any CPU
		{2ABFE250-FA50-4087-83D2-5CCBF7F33944}.Release|Any CPU.ActiveCfg = Release|Any CPU
		{2ABFE250-FA50-4087-83D2-5CCBF7F33944}.Release|Any CPU.Build.0 = Release|Any CPU
		{43268F4D-DFE5-4237-A2D6-CD37A530B207}.Debug|Any CPU.ActiveCfg = Debug|Any CPU
		{43268F4D-DFE5-4237-A2D6-CD37A530B207}.Debug|Any CPU.Build.0 = Debug|Any CPU
		{43268F4D-DFE5-4237-A2D6-CD37A530B207}.Release|Any CPU.ActiveCfg = Release|Any CPU
		{43268F4D-DFE5-4237-A2D6-CD37A530B207}.Release|Any CPU.Build.0 = Release|Any CPU
		{0428B579-69A0-437D-98B9-C5F857A2B84D}.Debug|Any CPU.ActiveCfg = Debug|Any CPU
		{0428B579-69A0-437D-98B9-C5F857A2B84D}.Debug|Any CPU.Build.0 = Debug|Any CPU
		{0428B579-69A0-437D-98B9-C5F857A2B84D}.Release|Any CPU.ActiveCfg = Release|Any CPU
		{0428B579-69A0-437D-98B9-C5F857A2B84D}.Release|Any CPU.Build.0 = Release|Any CPU
		{240C7D3B-21D2-4434-A46C-39D5DBDEE78F}.Debug|Any CPU.ActiveCfg = Debug|Any CPU
		{240C7D3B-21D2-4434-A46C-39D5DBDEE78F}.Debug|Any CPU.Build.0 = Debug|Any CPU
		{240C7D3B-21D2-4434-A46C-39D5DBDEE78F}.Release|Any CPU.ActiveCfg = Release|Any CPU
		{240C7D3B-21D2-4434-A46C-39D5DBDEE78F}.Release|Any CPU.Build.0 = Release|Any CPU
		{EE250E37-FA71-4DA0-AE1F-81FDEF589869}.Debug|Any CPU.ActiveCfg = Debug|Any CPU
		{EE250E37-FA71-4DA0-AE1F-81FDEF589869}.Debug|Any CPU.Build.0 = Debug|Any CPU
		{EE250E37-FA71-4DA0-AE1F-81FDEF589869}.Release|Any CPU.ActiveCfg = Release|Any CPU
		{EE250E37-FA71-4DA0-AE1F-81FDEF589869}.Release|Any CPU.Build.0 = Release|Any CPU
		{F942B9EC-7A32-43CA-AFA0-2AEDB1894CC4}.Debug|Any CPU.ActiveCfg = Debug|Any CPU
		{F942B9EC-7A32-43CA-AFA0-2AEDB1894CC4}.Debug|Any CPU.Build.0 = Debug|Any CPU
		{F942B9EC-7A32-43CA-AFA0-2AEDB1894CC4}.Release|Any CPU.ActiveCfg = Release|Any CPU
		{F942B9EC-7A32-43CA-AFA0-2AEDB1894CC4}.Release|Any CPU.Build.0 = Release|Any CPU
		{65ADFE91-33EB-4EDD-8471-2F2C11628B1E}.Debug|Any CPU.ActiveCfg = Debug|Any CPU
		{65ADFE91-33EB-4EDD-8471-2F2C11628B1E}.Debug|Any CPU.Build.0 = Debug|Any CPU
		{65ADFE91-33EB-4EDD-8471-2F2C11628B1E}.Release|Any CPU.ActiveCfg = Release|Any CPU
		{65ADFE91-33EB-4EDD-8471-2F2C11628B1E}.Release|Any CPU.Build.0 = Release|Any CPU
		{7BE86761-4EEE-49DF-87AB-F3EDBBF7B1F6}.Debug|Any CPU.ActiveCfg = Debug|Any CPU
		{7BE86761-4EEE-49DF-87AB-F3EDBBF7B1F6}.Debug|Any CPU.Build.0 = Debug|Any CPU
		{7BE86761-4EEE-49DF-87AB-F3EDBBF7B1F6}.Release|Any CPU.ActiveCfg = Release|Any CPU
		{7BE86761-4EEE-49DF-87AB-F3EDBBF7B1F6}.Release|Any CPU.Build.0 = Release|Any CPU
		{4019EB1D-2554-467F-A5A5-F27B0B2BCA14}.Debug|Any CPU.ActiveCfg = Debug|Any CPU
		{4019EB1D-2554-467F-A5A5-F27B0B2BCA14}.Debug|Any CPU.Build.0 = Debug|Any CPU
		{4019EB1D-2554-467F-A5A5-F27B0B2BCA14}.Release|Any CPU.ActiveCfg = Release|Any CPU
		{4019EB1D-2554-467F-A5A5-F27B0B2BCA14}.Release|Any CPU.Build.0 = Release|Any CPU
		{A6715E99-2208-4A9C-AAA6-AB1C504E58E5}.Debug|Any CPU.ActiveCfg = Debug|Any CPU
		{A6715E99-2208-4A9C-AAA6-AB1C504E58E5}.Debug|Any CPU.Build.0 = Debug|Any CPU
		{A6715E99-2208-4A9C-AAA6-AB1C504E58E5}.Release|Any CPU.ActiveCfg = Release|Any CPU
		{A6715E99-2208-4A9C-AAA6-AB1C504E58E5}.Release|Any CPU.Build.0 = Release|Any CPU
		{C022F3FA-AB66-48B3-BB72-C83311F382BB}.Debug|Any CPU.ActiveCfg = Debug|Any CPU
		{C022F3FA-AB66-48B3-BB72-C83311F382BB}.Debug|Any CPU.Build.0 = Debug|Any CPU
		{C022F3FA-AB66-48B3-BB72-C83311F382BB}.Release|Any CPU.ActiveCfg = Release|Any CPU
		{C022F3FA-AB66-48B3-BB72-C83311F382BB}.Release|Any CPU.Build.0 = Release|Any CPU
		{6B759810-CA55-44CD-92BA-3BF8E417D652}.Debug|Any CPU.ActiveCfg = Debug|Any CPU
		{6B759810-CA55-44CD-92BA-3BF8E417D652}.Debug|Any CPU.Build.0 = Debug|Any CPU
		{6B759810-CA55-44CD-92BA-3BF8E417D652}.Release|Any CPU.ActiveCfg = Release|Any CPU
		{6B759810-CA55-44CD-92BA-3BF8E417D652}.Release|Any CPU.Build.0 = Release|Any CPU
	EndGlobalSection
	GlobalSection(SolutionProperties) = preSolution
		HideSolutionNode = FALSE
	EndGlobalSection
	GlobalSection(NestedProjects) = preSolution
		{91DF8B53-FEE3-4149-AAC9-A4366D342397} = {733172B8-838C-4427-AD4B-078894C880EC}
		{2ABFE250-FA50-4087-83D2-5CCBF7F33944} = {B87AFBFD-26A2-4EC5-AE11-FBE679570852}
		{43268F4D-DFE5-4237-A2D6-CD37A530B207} = {B87AFBFD-26A2-4EC5-AE11-FBE679570852}
		{0428B579-69A0-437D-98B9-C5F857A2B84D} = {B87AFBFD-26A2-4EC5-AE11-FBE679570852}
		{240C7D3B-21D2-4434-A46C-39D5DBDEE78F} = {3691809E-369B-4ADA-B753-A9F8B50B0DAD}
		{EE250E37-FA71-4DA0-AE1F-81FDEF589869} = {8577ED5D-8893-4963-AD60-B8F7E6488DEA}
		{F942B9EC-7A32-43CA-AFA0-2AEDB1894CC4} = {8577ED5D-8893-4963-AD60-B8F7E6488DEA}
		{65ADFE91-33EB-4EDD-8471-2F2C11628B1E} = {8577ED5D-8893-4963-AD60-B8F7E6488DEA}
		{7BE86761-4EEE-49DF-87AB-F3EDBBF7B1F6} = {8577ED5D-8893-4963-AD60-B8F7E6488DEA}
		{4019EB1D-2554-467F-A5A5-F27B0B2BCA14} = {733172B8-838C-4427-AD4B-078894C880EC}
		{A6715E99-2208-4A9C-AAA6-AB1C504E58E5} = {733172B8-838C-4427-AD4B-078894C880EC}
		{C022F3FA-AB66-48B3-BB72-C83311F382BB} = {EAB89D81-C988-4618-BFFC-C74ED9BC879D}
		{6B759810-CA55-44CD-92BA-3BF8E417D652} = {EAB89D81-C988-4618-BFFC-C74ED9BC879D}
	EndGlobalSection
	GlobalSection(ExtensibilityGlobals) = postSolution
		SolutionGuid = {9AA23286-A1C2-464A-B519-6DE3D03DFBC6}
	EndGlobalSection
EndGlobal
